
Microsoft Visual Studio Solution File, Format Version 12.00
# Visual Studio Version 16
VisualStudioVersion = 16.0.31424.327
MinimumVisualStudioVersion = 10.0.40219.1
Project("{FAE04EC0-301F-11D3-BF4B-00C04F79EFBC}") = "lca-model", "lca-model\lca-model.csproj", "{2B245285-C607-45EC-B5E9-57DCFDA4CD28}"
	ProjectSection(ProjectDependencies) = postProject
		{16A36FCD-07E6-4CAE-B5CB-DB677E33F3FB} = {16A36FCD-07E6-4CAE-B5CB-DB677E33F3FB}
	EndProjectSection
EndProject
Project("{FAE04EC0-301F-11D3-BF4B-00C04F79EFBC}") = "phi", "..\Phi\phi\phi.csproj", "{16A36FCD-07E6-4CAE-B5CB-DB677E33F3FB}"
EndProject
Global
	GlobalSection(SolutionConfigurationPlatforms) = preSolution
		Debug|Any CPU = Debug|Any CPU
		Release|Any CPU = Release|Any CPU
	EndGlobalSection
	GlobalSection(ProjectConfigurationPlatforms) = postSolution
		{2B245285-C607-45EC-B5E9-57DCFDA4CD28}.Debug|Any CPU.ActiveCfg = Debug|Any CPU
		{2B245285-C607-45EC-B5E9-57DCFDA4CD28}.Debug|Any CPU.Build.0 = Debug|Any CPU
		{2B245285-C607-45EC-B5E9-57DCFDA4CD28}.Release|Any CPU.ActiveCfg = Release|Any CPU
		{2B245285-C607-45EC-B5E9-57DCFDA4CD28}.Release|Any CPU.Build.0 = Release|Any CPU
		{16A36FCD-07E6-4CAE-B5CB-DB677E33F3FB}.Debug|Any CPU.ActiveCfg = Debug|Any CPU
		{16A36FCD-07E6-4CAE-B5CB-DB677E33F3FB}.Debug|Any CPU.Build.0 = Debug|Any CPU
		{16A36FCD-07E6-4CAE-B5CB-DB677E33F3FB}.Release|Any CPU.ActiveCfg = Release|Any CPU
		{16A36FCD-07E6-4CAE-B5CB-DB677E33F3FB}.Release|Any CPU.Build.0 = Release|Any CPU
	EndGlobalSection
	GlobalSection(SolutionProperties) = preSolution
		HideSolutionNode = FALSE
	EndGlobalSection
	GlobalSection(ExtensibilityGlobals) = postSolution
		SolutionGuid = {36BD6BB3-DD16-40B7-AD8A-8A058F3BEE48}
	EndGlobalSection
EndGlobal
